{
  "name": "dragon-stairs",
  "version": "1.0.0",
  "lockfileVersion": 1,
  "requires": true,
  "dependencies": {
    "array-keyed-map": {
      "version": "2.0.1",
      "resolved": "https://registry.npmjs.org/array-keyed-map/-/array-keyed-map-2.0.1.tgz",
      "integrity": "sha512-wQZ0VZPly+lUfwrPqfzgZxz/dBJMRBxWdidLBiB9KDP4F5Ang55DNwoCA31qKvFYyLPpq4bA+1Ka06SizYChFw=="
    },
    "immer": {
      "version": "7.0.9",
      "resolved": "https://registry.npmjs.org/immer/-/immer-7.0.9.tgz",
      "integrity": "sha512-Vs/gxoM4DqNAYR7pugIxi0Xc8XAun/uy7AQu4fLLqaTBHxjOP9pJ266Q9MWA/ly4z6rAFZbvViOtihxUZ7O28A=="
    },
    "lodash": {
      "version": "4.17.20",
      "resolved": "https://registry.npmjs.org/lodash/-/lodash-4.17.20.tgz",
      "integrity": "sha512-PlhdFcillOINfeV7Ni6oF1TAEayyZBoZ8bcshTHqOYJYlrqzRK5hagpagky5o4HfCzzd1TRkXPMFq6cKk9rGmA=="
    }
  }
}
